
Microsoft Visual Studio Solution File, Format Version 12.00
# Visual Studio Version 16
VisualStudioVersion = 16.0.31702.278
MinimumVisualStudioVersion = 10.0.40219.1
Project("{FAE04EC0-301F-11D3-BF4B-00C04F79EFBC}") = "HostedPowershell", "HostedPowershell\HostedPowershell.csproj", "{0A137994-508D-403B-8AB4-0ED42731DEF5}"
EndProject
Global
	GlobalSection(SolutionConfigurationPlatforms) = preSolution
		Debug|Any CPU = Debug|Any CPU
		Release|Any CPU = Release|Any CPU
	EndGlobalSection
	GlobalSection(ProjectConfigurationPlatforms) = postSolution
		{0A137994-508D-403B-8AB4-0ED42731DEF5}.Debug|Any CPU.ActiveCfg = Debug|Any CPU
		{0A137994-508D-403B-8AB4-0ED42731DEF5}.Debug|Any CPU.Build.0 = Debug|Any CPU
		{0A137994-508D-403B-8AB4-0ED42731DEF5}.Release|Any CPU.ActiveCfg = Release|Any CPU
		{0A137994-508D-403B-8AB4-0ED42731DEF5}.Release|Any CPU.Build.0 = Release|Any CPU
	EndGlobalSection
	GlobalSection(SolutionProperties) = preSolution
		HideSolutionNode = FALSE
	EndGlobalSection
	GlobalSection(ExtensibilityGlobals) = postSolution
		SolutionGuid = {F9804624-5930-476C-8688-8CD9E6B741D9}
	EndGlobalSection
EndGlobal
